// !$*UTF8*$!
{
	archiveVersion = 1;
	classes = {
	};
	objectVersion = 48;
	objects = {

/* Begin PBXBuildFile section */
		374E27811F572C21007000C7 /* StoreKit.framework in Frameworks */ = {isa = PBXBuildFile; fileRef = 374E27801F572C21007000C7 /* StoreKit.framework */; };
		7F5C9E9A1F51F622002B41B4 /* AppDelegate.swift in Sources */ = {isa = PBXBuildFile; fileRef = 7F5C9E991F51F622002B41B4 /* AppDelegate.swift */; };
		7F5C9E9C1F51F622002B41B4 /* ViewController.swift in Sources */ = {isa = PBXBuildFile; fileRef = 7F5C9E9B1F51F622002B41B4 /* ViewController.swift */; };
		7F5C9E9F1F51F622002B41B4 /* Main.storyboard in Resources */ = {isa = PBXBuildFile; fileRef = 7F5C9E9D1F51F622002B41B4 /* Main.storyboard */; };
		7F5C9EA11F51F622002B41B4 /* Assets.xcassets in Resources */ = {isa = PBXBuildFile; fileRef = 7F5C9EA01F51F622002B41B4 /* Assets.xcassets */; };
		7F5C9EA41F51F622002B41B4 /* LaunchScreen.storyboard in Resources */ = {isa = PBXBuildFile; fileRef = 7F5C9EA21F51F622002B41B4 /* LaunchScreen.storyboard */; };
		7F5C9EE51F51F674002B41B4 /* IAP.framework in Frameworks */ = {isa = PBXBuildFile; fileRef = 7F5C9EDA1F51F65F002B41B4 /* IAP.framework */; };
		7F5C9EE61F51F674002B41B4 /* IAP.framework in Embed Frameworks */ = {isa = PBXBuildFile; fileRef = 7F5C9EDA1F51F65F002B41B4 /* IAP.framework */; settings = {ATTRIBUTES = (CodeSignOnCopy, RemoveHeadersOnCopy, ); }; };
		7F5C9EEA1F51F67A002B41B4 /* IAP.framework in Frameworks */ = {isa = PBXBuildFile; fileRef = 7F5C9EE21F51F65F002B41B4 /* IAP.framework */; };
		7F5C9EEB1F51F67A002B41B4 /* IAP.framework in Embed Frameworks */ = {isa = PBXBuildFile; fileRef = 7F5C9EE21F51F65F002B41B4 /* IAP.framework */; settings = {ATTRIBUTES = (CodeSignOnCopy, RemoveHeadersOnCopy, ); }; };
		7F5C9EEF1F51F680002B41B4 /* IAP.framework in Frameworks */ = {isa = PBXBuildFile; fileRef = 7F5C9EDE1F51F65F002B41B4 /* IAP.framework */; };
		7F5C9EF01F51F680002B41B4 /* IAP.framework in Embed Frameworks */ = {isa = PBXBuildFile; fileRef = 7F5C9EDE1F51F65F002B41B4 /* IAP.framework */; settings = {ATTRIBUTES = (CodeSignOnCopy, RemoveHeadersOnCopy, ); }; };
		7F852C881F51FAB2008D8ADD /* MyAppProduct.swift in Sources */ = {isa = PBXBuildFile; fileRef = 7F852C871F51FAB2008D8ADD /* MyAppProduct.swift */; };
		7F852C911F520189008D8ADD /* MyAppProduct.swift in Sources */ = {isa = PBXBuildFile; fileRef = 7F852C871F51FAB2008D8ADD /* MyAppProduct.swift */; };
		7F852C921F520189008D8ADD /* MyAppProduct.swift in Sources */ = {isa = PBXBuildFile; fileRef = 7F852C871F51FAB2008D8ADD /* MyAppProduct.swift */; };
		7F852C941F520197008D8ADD /* NotificationCenter.swift in Sources */ = {isa = PBXBuildFile; fileRef = 7F852C931F520197008D8ADD /* NotificationCenter.swift */; };
		7F852C951F520197008D8ADD /* NotificationCenter.swift in Sources */ = {isa = PBXBuildFile; fileRef = 7F852C931F520197008D8ADD /* NotificationCenter.swift */; };
		7F852C961F520197008D8ADD /* NotificationCenter.swift in Sources */ = {isa = PBXBuildFile; fileRef = 7F852C931F520197008D8ADD /* NotificationCenter.swift */; };
/* End PBXBuildFile section */

/* Begin PBXContainerItemProxy section */
		7F5C9ED91F51F65F002B41B4 /* PBXContainerItemProxy */ = {
			isa = PBXContainerItemProxy;
			containerPortal = 7F5C9ED01F51F65F002B41B4 /* IAP.xcodeproj */;
			proxyType = 2;
			remoteGlobalIDString = 7F5C9E2A1F51F3AC002B41B4;
			remoteInfo = "IAP-iOS";
		};
		7F5C9EDB1F51F65F002B41B4 /* PBXContainerItemProxy */ = {
			isa = PBXContainerItemProxy;
			containerPortal = 7F5C9ED01F51F65F002B41B4 /* IAP.xcodeproj */;
			proxyType = 2;
			remoteGlobalIDString = 7F5C9E331F51F3AC002B41B4;
			remoteInfo = "IAP-iOSTests";
		};
		7F5C9EDD1F51F65F002B41B4 /* PBXContainerItemProxy */ = {
			isa = PBXContainerItemProxy;
			containerPortal = 7F5C9ED01F51F65F002B41B4 /* IAP.xcodeproj */;
			proxyType = 2;
			remoteGlobalIDString = 7F5C9E631F51F3F0002B41B4;
			remoteInfo = "IAP-macOS";
		};
		7F5C9EDF1F51F65F002B41B4 /* PBXContainerItemProxy */ = {
			isa = PBXContainerItemProxy;
			containerPortal = 7F5C9ED01F51F65F002B41B4 /* IAP.xcodeproj */;
			proxyType = 2;
			remoteGlobalIDString = 7F5C9E6B1F51F3F0002B41B4;
			remoteInfo = "IAP-macOSTests";
		};
		7F5C9EE11F51F65F002B41B4 /* PBXContainerItemProxy */ = {
			isa = PBXContainerItemProxy;
			containerPortal = 7F5C9ED01F51F65F002B41B4 /* IAP.xcodeproj */;
			proxyType = 2;
			remoteGlobalIDString = 7F5C9E471F51F3DE002B41B4;
			remoteInfo = "IAP-tvOS";
		};
		7F5C9EE31F51F65F002B41B4 /* PBXContainerItemProxy */ = {
			isa = PBXContainerItemProxy;
			containerPortal = 7F5C9ED01F51F65F002B41B4 /* IAP.xcodeproj */;
			proxyType = 2;
			remoteGlobalIDString = 7F5C9E4F1F51F3DE002B41B4;
			remoteInfo = "IAP-tvOSTests";
		};
		7F5C9EE71F51F675002B41B4 /* PBXContainerItemProxy */ = {
			isa = PBXContainerItemProxy;
			containerPortal = 7F5C9ED01F51F65F002B41B4 /* IAP.xcodeproj */;
			proxyType = 1;
			remoteGlobalIDString = 7F5C9E291F51F3AC002B41B4;
			remoteInfo = "IAP-iOS";
		};
		7F5C9EEC1F51F67A002B41B4 /* PBXContainerItemProxy */ = {
			isa = PBXContainerItemProxy;
			containerPortal = 7F5C9ED01F51F65F002B41B4 /* IAP.xcodeproj */;
			proxyType = 1;
			remoteGlobalIDString = 7F5C9E461F51F3DE002B41B4;
			remoteInfo = "IAP-tvOS";
		};
		7F5C9EF11F51F680002B41B4 /* PBXContainerItemProxy */ = {
			isa = PBXContainerItemProxy;
			containerPortal = 7F5C9ED01F51F65F002B41B4 /* IAP.xcodeproj */;
			proxyType = 1;
			remoteGlobalIDString = 7F5C9E621F51F3F0002B41B4;
			remoteInfo = "IAP-macOS";
		};
/* End PBXContainerItemProxy section */

/* Begin PBXCopyFilesBuildPhase section */
		7F5C9EE91F51F675002B41B4 /* Embed Frameworks */ = {
			isa = PBXCopyFilesBuildPhase;
			buildActionMask = 2147483647;
			dstPath = "";
			dstSubfolderSpec = 10;
			files = (
				7F5C9EE61F51F674002B41B4 /* IAP.framework in Embed Frameworks */,
			);
			name = "Embed Frameworks";
			runOnlyForDeploymentPostprocessing = 0;
		};
		7F5C9EEE1F51F67A002B41B4 /* Embed Frameworks */ = {
			isa = PBXCopyFilesBuildPhase;
			buildActionMask = 2147483647;
			dstPath = "";
			dstSubfolderSpec = 10;
			files = (
				7F5C9EEB1F51F67A002B41B4 /* IAP.framework in Embed Frameworks */,
			);
			name = "Embed Frameworks";
			runOnlyForDeploymentPostprocessing = 0;
		};
		7F5C9EF31F51F680002B41B4 /* Embed Frameworks */ = {
			isa = PBXCopyFilesBuildPhase;
			buildActionMask = 2147483647;
			dstPath = "";
			dstSubfolderSpec = 10;
			files = (
				7F5C9EF01F51F680002B41B4 /* IAP.framework in Embed Frameworks */,
			);
			name = "Embed Frameworks";
			runOnlyForDeploymentPostprocessing = 0;
		};
/* End PBXCopyFilesBuildPhase section */

/* Begin PBXFileReference section */
		374E27801F572C21007000C7 /* StoreKit.framework */ = {isa = PBXFileReference; lastKnownFileType = wrapper.framework; name = StoreKit.framework; path = Platforms/iPhoneOS.platform/Developer/SDKs/iPhoneOS11.0.sdk/System/Library/Frameworks/StoreKit.framework; sourceTree = DEVELOPER_DIR; };
		7F5C9E961F51F622002B41B4 /* Example-iOS.app */ = {isa = PBXFileReference; explicitFileType = wrapper.application; includeInIndex = 0; path = "Example-iOS.app"; sourceTree = BUILT_PRODUCTS_DIR; };
		7F5C9E991F51F622002B41B4 /* AppDelegate.swift */ = {isa = PBXFileReference; lastKnownFileType = sourcecode.swift; path = AppDelegate.swift; sourceTree = "<group>"; };
		7F5C9E9B1F51F622002B41B4 /* ViewController.swift */ = {isa = PBXFileReference; lastKnownFileType = sourcecode.swift; path = ViewController.swift; sourceTree = "<group>"; };
		7F5C9E9E1F51F622002B41B4 /* Base */ = {isa = PBXFileReference; lastKnownFileType = file.storyboard; name = Base; path = Base.lproj/Main.storyboard; sourceTree = "<group>"; };
		7F5C9EA01F51F622002B41B4 /* Assets.xcassets */ = {isa = PBXFileReference; lastKnownFileType = folder.assetcatalog; path = Assets.xcassets; sourceTree = "<group>"; };
		7F5C9EA31F51F622002B41B4 /* Base */ = {isa = PBXFileReference; lastKnownFileType = file.storyboard; name = Base; path = Base.lproj/LaunchScreen.storyboard; sourceTree = "<group>"; };
		7F5C9EA51F51F622002B41B4 /* Info.plist */ = {isa = PBXFileReference; lastKnownFileType = text.plist.xml; path = Info.plist; sourceTree = "<group>"; };
		7F5C9EAD1F51F62C002B41B4 /* Example-tvOS.app */ = {isa = PBXFileReference; explicitFileType = wrapper.application; includeInIndex = 0; path = "Example-tvOS.app"; sourceTree = BUILT_PRODUCTS_DIR; };
		7F5C9EC01F51F641002B41B4 /* Example-macOS.app */ = {isa = PBXFileReference; explicitFileType = wrapper.application; includeInIndex = 0; path = "Example-macOS.app"; sourceTree = BUILT_PRODUCTS_DIR; };
		7F5C9ED01F51F65F002B41B4 /* IAP.xcodeproj */ = {isa = PBXFileReference; lastKnownFileType = "wrapper.pb-project"; name = IAP.xcodeproj; path = ../IAP.xcodeproj; sourceTree = "<group>"; };
		7F852C871F51FAB2008D8ADD /* MyAppProduct.swift */ = {isa = PBXFileReference; lastKnownFileType = sourcecode.swift; path = MyAppProduct.swift; sourceTree = "<group>"; };
		7F852C931F520197008D8ADD /* NotificationCenter.swift */ = {isa = PBXFileReference; lastKnownFileType = sourcecode.swift; path = NotificationCenter.swift; sourceTree = "<group>"; };
/* End PBXFileReference section */

/* Begin PBXFrameworksBuildPhase section */
		7F5C9E931F51F622002B41B4 /* Frameworks */ = {
			isa = PBXFrameworksBuildPhase;
			buildActionMask = 2147483647;
			files = (
				7F5C9EE51F51F674002B41B4 /* IAP.framework in Frameworks */,
				374E27811F572C21007000C7 /* StoreKit.framework in Frameworks */,
			);
			runOnlyForDeploymentPostprocessing = 0;
		};
		7F5C9EAA1F51F62C002B41B4 /* Frameworks */ = {
			isa = PBXFrameworksBuildPhase;
			buildActionMask = 2147483647;
			files = (
				7F5C9EEA1F51F67A002B41B4 /* IAP.framework in Frameworks */,
			);
			runOnlyForDeploymentPostprocessing = 0;
		};
		7F5C9EBD1F51F641002B41B4 /* Frameworks */ = {
			isa = PBXFrameworksBuildPhase;
			buildActionMask = 2147483647;
			files = (
				7F5C9EEF1F51F680002B41B4 /* IAP.framework in Frameworks */,
			);
			runOnlyForDeploymentPostprocessing = 0;
		};
/* End PBXFrameworksBuildPhase section */

/* Begin PBXGroup section */
		374E277F1F572C21007000C7 /* Frameworks */ = {
			isa = PBXGroup;
			children = (
				374E27801F572C21007000C7 /* StoreKit.framework */,
			);
			name = Frameworks;
			sourceTree = "<group>";
		};
		7F5C9E8B1F51F605002B41B4 = {
			isa = PBXGroup;
			children = (
				7F5C9ED01F51F65F002B41B4 /* IAP.xcodeproj */,
				7F852C901F52016F008D8ADD /* Examples-Common */,
				7F5C9E981F51F622002B41B4 /* Example-iOS */,
				7F5C9E971F51F622002B41B4 /* Products */,
				374E277F1F572C21007000C7 /* Frameworks */,
			);
			sourceTree = "<group>";
		};
		7F5C9E971F51F622002B41B4 /* Products */ = {
			isa = PBXGroup;
			children = (
				7F5C9E961F51F622002B41B4 /* Example-iOS.app */,
				7F5C9EAD1F51F62C002B41B4 /* Example-tvOS.app */,
				7F5C9EC01F51F641002B41B4 /* Example-macOS.app */,
			);
			name = Products;
			sourceTree = "<group>";
		};
		7F5C9E981F51F622002B41B4 /* Example-iOS */ = {
			isa = PBXGroup;
			children = (
				7F5C9E991F51F622002B41B4 /* AppDelegate.swift */,
				7F5C9E9B1F51F622002B41B4 /* ViewController.swift */,
				7F5C9E9D1F51F622002B41B4 /* Main.storyboard */,
				7F5C9EA01F51F622002B41B4 /* Assets.xcassets */,
				7F5C9EA21F51F622002B41B4 /* LaunchScreen.storyboard */,
				7F5C9EA51F51F622002B41B4 /* Info.plist */,
			);
			path = "Example-iOS";
			sourceTree = "<group>";
		};
		7F5C9ED11F51F65F002B41B4 /* Products */ = {
			isa = PBXGroup;
			children = (
				7F5C9EDA1F51F65F002B41B4 /* IAP.framework */,
				7F5C9EDC1F51F65F002B41B4 /* IAP-iOSTests.xctest */,
				7F5C9EDE1F51F65F002B41B4 /* IAP.framework */,
				7F5C9EE01F51F65F002B41B4 /* IAP-macOSTests.xctest */,
				7F5C9EE21F51F65F002B41B4 /* IAP.framework */,
				7F5C9EE41F51F65F002B41B4 /* IAP-tvOSTests.xctest */,
			);
			name = Products;
			sourceTree = "<group>";
		};
		7F852C901F52016F008D8ADD /* Examples-Common */ = {
			isa = PBXGroup;
			children = (
				7F852C871F51FAB2008D8ADD /* MyAppProduct.swift */,
				7F852C931F520197008D8ADD /* NotificationCenter.swift */,
			);
			path = "Examples-Common";
			sourceTree = "<group>";
		};
/* End PBXGroup section */

/* Begin PBXNativeTarget section */
		7F5C9E951F51F622002B41B4 /* Example-iOS */ = {
			isa = PBXNativeTarget;
			buildConfigurationList = 7F5C9EA61F51F622002B41B4 /* Build configuration list for PBXNativeTarget "Example-iOS" */;
			buildPhases = (
				7F5C9E921F51F622002B41B4 /* Sources */,
				7F5C9E931F51F622002B41B4 /* Frameworks */,
				7F5C9E941F51F622002B41B4 /* Resources */,
				7F5C9EE91F51F675002B41B4 /* Embed Frameworks */,
			);
			buildRules = (
			);
			dependencies = (
				7F5C9EE81F51F675002B41B4 /* PBXTargetDependency */,
			);
			name = "Example-iOS";
			productName = "Example-iOS";
			productReference = 7F5C9E961F51F622002B41B4 /* Example-iOS.app */;
			productType = "com.apple.product-type.application";
		};
		7F5C9EAC1F51F62C002B41B4 /* Example-tvOS */ = {
			isa = PBXNativeTarget;
			buildConfigurationList = 7F5C9EB91F51F62C002B41B4 /* Build configuration list for PBXNativeTarget "Example-tvOS" */;
			buildPhases = (
				7F5C9EA91F51F62C002B41B4 /* Sources */,
				7F5C9EAA1F51F62C002B41B4 /* Frameworks */,
				7F5C9EAB1F51F62C002B41B4 /* Resources */,
				7F5C9EEE1F51F67A002B41B4 /* Embed Frameworks */,
			);
			buildRules = (
			);
			dependencies = (
				7F5C9EED1F51F67A002B41B4 /* PBXTargetDependency */,
			);
			name = "Example-tvOS";
			productName = "Example-tvOS";
			productReference = 7F5C9EAD1F51F62C002B41B4 /* Example-tvOS.app */;
			productType = "com.apple.product-type.application";
		};
		7F5C9EBF1F51F641002B41B4 /* Example-macOS */ = {
			isa = PBXNativeTarget;
			buildConfigurationList = 7F5C9ECD1F51F641002B41B4 /* Build configuration list for PBXNativeTarget "Example-macOS" */;
			buildPhases = (
				7F5C9EBC1F51F641002B41B4 /* Sources */,
				7F5C9EBD1F51F641002B41B4 /* Frameworks */,
				7F5C9EBE1F51F641002B41B4 /* Resources */,
				7F5C9EF31F51F680002B41B4 /* Embed Frameworks */,
			);
			buildRules = (
			);
			dependencies = (
				7F5C9EF21F51F680002B41B4 /* PBXTargetDependency */,
			);
			name = "Example-macOS";
			productName = "Example-macOS";
			productReference = 7F5C9EC01F51F641002B41B4 /* Example-macOS.app */;
			productType = "com.apple.product-type.application";
		};
/* End PBXNativeTarget section */

/* Begin PBXProject section */
		7F5C9E8C1F51F605002B41B4 /* Project object */ = {
			isa = PBXProject;
			attributes = {
				LastSwiftUpdateCheck = 0900;
				LastUpgradeCheck = 0940;
				ORGANIZATIONNAME = "Black Pixel Luminance";
				TargetAttributes = {
					7F5C9E951F51F622002B41B4 = {
						CreatedOnToolsVersion = 9.0;
						SystemCapabilities = {
							com.apple.InAppPurchase = {
								enabled = 1;
							};
						};
					};
					7F5C9EAC1F51F62C002B41B4 = {
						CreatedOnToolsVersion = 9.0;
					};
					7F5C9EBF1F51F641002B41B4 = {
						CreatedOnToolsVersion = 9.0;
					};
				};
			};
			buildConfigurationList = 7F5C9E8F1F51F605002B41B4 /* Build configuration list for PBXProject "Examples" */;
			compatibilityVersion = "Xcode 8.0";
			developmentRegion = en;
			hasScannedForEncodings = 0;
			knownRegions = (
				en,
				Base,
			);
			mainGroup = 7F5C9E8B1F51F605002B41B4;
			productRefGroup = 7F5C9E971F51F622002B41B4 /* Products */;
			projectDirPath = "";
			projectReferences = (
				{
					ProductGroup = 7F5C9ED11F51F65F002B41B4 /* Products */;
					ProjectRef = 7F5C9ED01F51F65F002B41B4 /* IAP.xcodeproj */;
				},
			);
			projectRoot = "";
			targets = (
				7F5C9E951F51F622002B41B4 /* Example-iOS */,
				7F5C9EBF1F51F641002B41B4 /* Example-macOS */,
				7F5C9EAC1F51F62C002B41B4 /* Example-tvOS */,
			);
		};
/* End PBXProject section */

/* Begin PBXReferenceProxy section */
		7F5C9EDA1F51F65F002B41B4 /* IAP.framework */ = {
			isa = PBXReferenceProxy;
			fileType = wrapper.framework;
			path = IAP.framework;
			remoteRef = 7F5C9ED91F51F65F002B41B4 /* PBXContainerItemProxy */;
			sourceTree = BUILT_PRODUCTS_DIR;
		};
		7F5C9EDC1F51F65F002B41B4 /* IAP-iOSTests.xctest */ = {
			isa = PBXReferenceProxy;
			fileType = wrapper.cfbundle;
			path = "IAP-iOSTests.xctest";
			remoteRef = 7F5C9EDB1F51F65F002B41B4 /* PBXContainerItemProxy */;
			sourceTree = BUILT_PRODUCTS_DIR;
		};
		7F5C9EDE1F51F65F002B41B4 /* IAP.framework */ = {
			isa = PBXReferenceProxy;
			fileType = wrapper.framework;
			path = IAP.framework;
			remoteRef = 7F5C9EDD1F51F65F002B41B4 /* PBXContainerItemProxy */;
			sourceTree = BUILT_PRODUCTS_DIR;
		};
		7F5C9EE01F51F65F002B41B4 /* IAP-macOSTests.xctest */ = {
			isa = PBXReferenceProxy;
			fileType = wrapper.cfbundle;
			path = "IAP-macOSTests.xctest";
			remoteRef = 7F5C9EDF1F51F65F002B41B4 /* PBXContainerItemProxy */;
			sourceTree = BUILT_PRODUCTS_DIR;
		};
		7F5C9EE21F51F65F002B41B4 /* IAP.framework */ = {
			isa = PBXReferenceProxy;
			fileType = wrapper.framework;
			path = IAP.framework;
			remoteRef = 7F5C9EE11F51F65F002B41B4 /* PBXContainerItemProxy */;
			sourceTree = BUILT_PRODUCTS_DIR;
		};
		7F5C9EE41F51F65F002B41B4 /* IAP-tvOSTests.xctest */ = {
			isa = PBXReferenceProxy;
			fileType = wrapper.cfbundle;
			path = "IAP-tvOSTests.xctest";
			remoteRef = 7F5C9EE31F51F65F002B41B4 /* PBXContainerItemProxy */;
			sourceTree = BUILT_PRODUCTS_DIR;
		};
/* End PBXReferenceProxy section */

/* Begin PBXResourcesBuildPhase section */
		7F5C9E941F51F622002B41B4 /* Resources */ = {
			isa = PBXResourcesBuildPhase;
			buildActionMask = 2147483647;
			files = (
				7F5C9EA41F51F622002B41B4 /* LaunchScreen.storyboard in Resources */,
				7F5C9EA11F51F622002B41B4 /* Assets.xcassets in Resources */,
				7F5C9E9F1F51F622002B41B4 /* Main.storyboard in Resources */,
			);
			runOnlyForDeploymentPostprocessing = 0;
		};
		7F5C9EAB1F51F62C002B41B4 /* Resources */ = {
			isa = PBXResourcesBuildPhase;
			buildActionMask = 2147483647;
			files = (
			);
			runOnlyForDeploymentPostprocessing = 0;
		};
		7F5C9EBE1F51F641002B41B4 /* Resources */ = {
			isa = PBXResourcesBuildPhase;
			buildActionMask = 2147483647;
			files = (
			);
			runOnlyForDeploymentPostprocessing = 0;
		};
/* End PBXResourcesBuildPhase section */

/* Begin PBXSourcesBuildPhase section */
		7F5C9E921F51F622002B41B4 /* Sources */ = {
			isa = PBXSourcesBuildPhase;
			buildActionMask = 2147483647;
			files = (
				7F5C9E9C1F51F622002B41B4 /* ViewController.swift in Sources */,
				7F852C881F51FAB2008D8ADD /* MyAppProduct.swift in Sources */,
				7F5C9E9A1F51F622002B41B4 /* AppDelegate.swift in Sources */,
				7F852C941F520197008D8ADD /* NotificationCenter.swift in Sources */,
			);
			runOnlyForDeploymentPostprocessing = 0;
		};
		7F5C9EA91F51F62C002B41B4 /* Sources */ = {
			isa = PBXSourcesBuildPhase;
			buildActionMask = 2147483647;
			files = (
				7F852C921F520189008D8ADD /* MyAppProduct.swift in Sources */,
				7F852C961F520197008D8ADD /* NotificationCenter.swift in Sources */,
			);
			runOnlyForDeploymentPostprocessing = 0;
		};
		7F5C9EBC1F51F641002B41B4 /* Sources */ = {
			isa = PBXSourcesBuildPhase;
			buildActionMask = 2147483647;
			files = (
				7F852C911F520189008D8ADD /* MyAppProduct.swift in Sources */,
				7F852C951F520197008D8ADD /* NotificationCenter.swift in Sources */,
			);
			runOnlyForDeploymentPostprocessing = 0;
		};
/* End PBXSourcesBuildPhase section */

/* Begin PBXTargetDependency section */
		7F5C9EE81F51F675002B41B4 /* PBXTargetDependency */ = {
			isa = PBXTargetDependency;
			name = "IAP-iOS";
			targetProxy = 7F5C9EE71F51F675002B41B4 /* PBXContainerItemProxy */;
		};
		7F5C9EED1F51F67A002B41B4 /* PBXTargetDependency */ = {
			isa = PBXTargetDependency;
			name = "IAP-tvOS";
			targetProxy = 7F5C9EEC1F51F67A002B41B4 /* PBXContainerItemProxy */;
		};
		7F5C9EF21F51F680002B41B4 /* PBXTargetDependency */ = {
			isa = PBXTargetDependency;
			name = "IAP-macOS";
			targetProxy = 7F5C9EF11F51F680002B41B4 /* PBXContainerItemProxy */;
		};
/* End PBXTargetDependency section */

/* Begin PBXVariantGroup section */
		7F5C9E9D1F51F622002B41B4 /* Main.storyboard */ = {
			isa = PBXVariantGroup;
			children = (
				7F5C9E9E1F51F622002B41B4 /* Base */,
			);
			name = Main.storyboard;
			sourceTree = "<group>";
		};
		7F5C9EA21F51F622002B41B4 /* LaunchScreen.storyboard */ = {
			isa = PBXVariantGroup;
			children = (
				7F5C9EA31F51F622002B41B4 /* Base */,
			);
			name = LaunchScreen.storyboard;
			sourceTree = "<group>";
		};
/* End PBXVariantGroup section */

/* Begin XCBuildConfiguration section */
		7F5C9E901F51F605002B41B4 /* Debug */ = {
			isa = XCBuildConfiguration;
			buildSettings = {
				CLANG_WARN_BLOCK_CAPTURE_AUTORELEASING = YES;
				CLANG_WARN_BOOL_CONVERSION = YES;
				CLANG_WARN_COMMA = YES;
				CLANG_WARN_CONSTANT_CONVERSION = YES;
				CLANG_WARN_DEPRECATED_OBJC_IMPLEMENTATIONS = YES;
				CLANG_WARN_EMPTY_BODY = YES;
				CLANG_WARN_ENUM_CONVERSION = YES;
				CLANG_WARN_INFINITE_RECURSION = YES;
				CLANG_WARN_INT_CONVERSION = YES;
				CLANG_WARN_NON_LITERAL_NULL_CONVERSION = YES;
				CLANG_WARN_OBJC_IMPLICIT_RETAIN_SELF = YES;
				CLANG_WARN_OBJC_LITERAL_CONVERSION = YES;
				CLANG_WARN_RANGE_LOOP_ANALYSIS = YES;
				CLANG_WARN_STRICT_PROTOTYPES = YES;
				CLANG_WARN_SUSPICIOUS_MOVE = YES;
				CLANG_WARN_UNREACHABLE_CODE = YES;
				CLANG_WARN__DUPLICATE_METHOD_MATCH = YES;
				ENABLE_STRICT_OBJC_MSGSEND = YES;
				ENABLE_TESTABILITY = YES;
				GCC_NO_COMMON_BLOCKS = YES;
				GCC_WARN_64_TO_32_BIT_CONVERSION = YES;
				GCC_WARN_ABOUT_RETURN_TYPE = YES;
				GCC_WARN_UNDECLARED_SELECTOR = YES;
				GCC_WARN_UNINITIALIZED_AUTOS = YES;
				GCC_WARN_UNUSED_FUNCTION = YES;
				GCC_WARN_UNUSED_VARIABLE = YES;
				ONLY_ACTIVE_ARCH = YES;
			};
			name = Debug;
		};
		7F5C9E911F51F605002B41B4 /* Release */ = {
			isa = XCBuildConfiguration;
			buildSettings = {
				CLANG_WARN_BLOCK_CAPTURE_AUTORELEASING = YES;
				CLANG_WARN_BOOL_CONVERSION = YES;
				CLANG_WARN_COMMA = YES;
				CLANG_WARN_CONSTANT_CONVERSION = YES;
				CLANG_WARN_DEPRECATED_OBJC_IMPLEMENTATIONS = YES;
				CLANG_WARN_EMPTY_BODY = YES;
				CLANG_WARN_ENUM_CONVERSION = YES;
				CLANG_WARN_INFINITE_RECURSION = YES;
				CLANG_WARN_INT_CONVERSION = YES;
				CLANG_WARN_NON_LITERAL_NULL_CONVERSION = YES;
				CLANG_WARN_OBJC_IMPLICIT_RETAIN_SELF = YES;
				CLANG_WARN_OBJC_LITERAL_CONVERSION = YES;
				CLANG_WARN_RANGE_LOOP_ANALYSIS = YES;
				CLANG_WARN_STRICT_PROTOTYPES = YES;
				CLANG_WARN_SUSPICIOUS_MOVE = YES;
				CLANG_WARN_UNREACHABLE_CODE = YES;
				CLANG_WARN__DUPLICATE_METHOD_MATCH = YES;
				ENABLE_STRICT_OBJC_MSGSEND = YES;
				GCC_NO_COMMON_BLOCKS = YES;
				GCC_WARN_64_TO_32_BIT_CONVERSION = YES;
				GCC_WARN_ABOUT_RETURN_TYPE = YES;
				GCC_WARN_UNDECLARED_SELECTOR = YES;
				GCC_WARN_UNINITIALIZED_AUTOS = YES;
				GCC_WARN_UNUSED_FUNCTION = YES;
				GCC_WARN_UNUSED_VARIABLE = YES;
			};
			name = Release;
		};
		7F5C9EA71F51F622002B41B4 /* Debug */ = {
			isa = XCBuildConfiguration;
			buildSettings = {
				ALWAYS_EMBED_SWIFT_STANDARD_LIBRARIES = YES;
				ALWAYS_SEARCH_USER_PATHS = NO;
				ASSETCATALOG_COMPILER_APPICON_NAME = AppIcon;
				CLANG_ANALYZER_NONNULL = YES;
				CLANG_ANALYZER_NUMBER_OBJECT_CONVERSION = YES_AGGRESSIVE;
				CLANG_CXX_LANGUAGE_STANDARD = "gnu++14";
				CLANG_CXX_LIBRARY = "libc++";
				CLANG_ENABLE_MODULES = YES;
				CLANG_ENABLE_OBJC_ARC = YES;
				CLANG_WARN_BLOCK_CAPTURE_AUTORELEASING = YES;
				CLANG_WARN_BOOL_CONVERSION = YES;
				CLANG_WARN_COMMA = YES;
				CLANG_WARN_CONSTANT_CONVERSION = YES;
				CLANG_WARN_DIRECT_OBJC_ISA_USAGE = YES_ERROR;
				CLANG_WARN_DOCUMENTATION_COMMENTS = YES;
				CLANG_WARN_EMPTY_BODY = YES;
				CLANG_WARN_ENUM_CONVERSION = YES;
				CLANG_WARN_INFINITE_RECURSION = YES;
				CLANG_WARN_INT_CONVERSION = YES;
				CLANG_WARN_NON_LITERAL_NULL_CONVERSION = YES;
				CLANG_WARN_OBJC_LITERAL_CONVERSION = YES;
				CLANG_WARN_OBJC_ROOT_CLASS = YES_ERROR;
				CLANG_WARN_RANGE_LOOP_ANALYSIS = YES;
				CLANG_WARN_STRICT_PROTOTYPES = YES;
				CLANG_WARN_SUSPICIOUS_MOVE = YES;
				CLANG_WARN_UNGUARDED_AVAILABILITY = YES_AGGRESSIVE;
				CLANG_WARN_UNREACHABLE_CODE = YES;
				CLANG_WARN__DUPLICATE_METHOD_MATCH = YES;
				CODE_SIGN_IDENTITY = "iPhone Developer";
				COPY_PHASE_STRIP = NO;
				DEBUG_INFORMATION_FORMAT = dwarf;
				DEVELOPMENT_TEAM = 432ZXYXDNY;
				ENABLE_STRICT_OBJC_MSGSEND = YES;
				ENABLE_TESTABILITY = YES;
				GCC_C_LANGUAGE_STANDARD = gnu11;
				GCC_DYNAMIC_NO_PIC = NO;
				GCC_NO_COMMON_BLOCKS = YES;
				GCC_OPTIMIZATION_LEVEL = 0;
				GCC_PREPROCESSOR_DEFINITIONS = (
					"DEBUG=1",
					"$(inherited)",
				);
				GCC_WARN_64_TO_32_BIT_CONVERSION = YES;
				GCC_WARN_ABOUT_RETURN_TYPE = YES_ERROR;
				GCC_WARN_UNDECLARED_SELECTOR = YES;
				GCC_WARN_UNINITIALIZED_AUTOS = YES_AGGRESSIVE;
				GCC_WARN_UNUSED_FUNCTION = YES;
				GCC_WARN_UNUSED_VARIABLE = YES;
				INFOPLIST_FILE = "Example-iOS/Info.plist";
				IPHONEOS_DEPLOYMENT_TARGET = 11.0;
				LD_RUNPATH_SEARCH_PATHS = "$(inherited) @executable_path/Frameworks";
				MTL_ENABLE_DEBUG_INFO = YES;
				ONLY_ACTIVE_ARCH = YES;
				PRODUCT_BUNDLE_IDENTIFIER = "com.blackpixel.IAP-Example-iOS";
				PRODUCT_NAME = "$(TARGET_NAME)";
				SDKROOT = iphoneos;
				SWIFT_ACTIVE_COMPILATION_CONDITIONS = DEBUG;
				SWIFT_OPTIMIZATION_LEVEL = "-Onone";
				SWIFT_VERSION = 4.0;
				TARGETED_DEVICE_FAMILY = "1,2";
			};
			name = Debug;
		};
		7F5C9EA81F51F622002B41B4 /* Release */ = {
			isa = XCBuildConfiguration;
			buildSettings = {
				ALWAYS_EMBED_SWIFT_STANDARD_LIBRARIES = YES;
				ALWAYS_SEARCH_USER_PATHS = NO;
				ASSETCATALOG_COMPILER_APPICON_NAME = AppIcon;
				CLANG_ANALYZER_NONNULL = YES;
				CLANG_ANALYZER_NUMBER_OBJECT_CONVERSION = YES_AGGRESSIVE;
				CLANG_CXX_LANGUAGE_STANDARD = "gnu++14";
				CLANG_CXX_LIBRARY = "libc++";
				CLANG_ENABLE_MODULES = YES;
				CLANG_ENABLE_OBJC_ARC = YES;
				CLANG_WARN_BLOCK_CAPTURE_AUTORELEASING = YES;
				CLANG_WARN_BOOL_CONVERSION = YES;
				CLANG_WARN_COMMA = YES;
				CLANG_WARN_CONSTANT_CONVERSION = YES;
				CLANG_WARN_DIRECT_OBJC_ISA_USAGE = YES_ERROR;
				CLANG_WARN_DOCUMENTATION_COMMENTS = YES;
				CLANG_WARN_EMPTY_BODY = YES;
				CLANG_WARN_ENUM_CONVERSION = YES;
				CLANG_WARN_INFINITE_RECURSION = YES;
				CLANG_WARN_INT_CONVERSION = YES;
				CLANG_WARN_NON_LITERAL_NULL_CONVERSION = YES;
				CLANG_WARN_OBJC_LITERAL_CONVERSION = YES;
				CLANG_WARN_OBJC_ROOT_CLASS = YES_ERROR;
				CLANG_WARN_RANGE_LOOP_ANALYSIS = YES;
				CLANG_WARN_STRICT_PROTOTYPES = YES;
				CLANG_WARN_SUSPICIOUS_MOVE = YES;
				CLANG_WARN_UNGUARDED_AVAILABILITY = YES_AGGRESSIVE;
				CLANG_WARN_UNREACHABLE_CODE = YES;
				CLANG_WARN__DUPLICATE_METHOD_MATCH = YES;
				CODE_SIGN_IDENTITY = "iPhone Developer";
				COPY_PHASE_STRIP = NO;
				DEBUG_INFORMATION_FORMAT = "dwarf-with-dsym";
				DEVELOPMENT_TEAM = 432ZXYXDNY;
				ENABLE_NS_ASSERTIONS = NO;
				ENABLE_STRICT_OBJC_MSGSEND = YES;
				GCC_C_LANGUAGE_STANDARD = gnu11;
				GCC_NO_COMMON_BLOCKS = YES;
				GCC_WARN_64_TO_32_BIT_CONVERSION = YES;
				GCC_WARN_ABOUT_RETURN_TYPE = YES_ERROR;
				GCC_WARN_UNDECLARED_SELECTOR = YES;
				GCC_WARN_UNINITIALIZED_AUTOS = YES_AGGRESSIVE;
				GCC_WARN_UNUSED_FUNCTION = YES;
				GCC_WARN_UNUSED_VARIABLE = YES;
				INFOPLIST_FILE = "Example-iOS/Info.plist";
				IPHONEOS_DEPLOYMENT_TARGET = 11.0;
				LD_RUNPATH_SEARCH_PATHS = "$(inherited) @executable_path/Frameworks";
				MTL_ENABLE_DEBUG_INFO = NO;
				PRODUCT_BUNDLE_IDENTIFIER = "com.blackpixel.IAP-Example-iOS";
				PRODUCT_NAME = "$(TARGET_NAME)";
				SDKROOT = iphoneos;
				SWIFT_OPTIMIZATION_LEVEL = "-Owholemodule";
				SWIFT_VERSION = 4.0;
				TARGETED_DEVICE_FAMILY = "1,2";
				VALIDATE_PRODUCT = YES;
			};
			name = Release;
		};
		7F5C9EBA1F51F62C002B41B4 /* Debug */ = {
			isa = XCBuildConfiguration;
			buildSettings = {
				ALWAYS_EMBED_SWIFT_STANDARD_LIBRARIES = YES;
				ALWAYS_SEARCH_USER_PATHS = NO;
				ASSETCATALOG_COMPILER_APPICON_NAME = "App Icon & Top Shelf Image";
				ASSETCATALOG_COMPILER_LAUNCHIMAGE_NAME = LaunchImage;
				CLANG_ANALYZER_NONNULL = YES;
				CLANG_ANALYZER_NUMBER_OBJECT_CONVERSION = YES_AGGRESSIVE;
				CLANG_CXX_LANGUAGE_STANDARD = "gnu++14";
				CLANG_CXX_LIBRARY = "libc++";
				CLANG_ENABLE_MODULES = YES;
				CLANG_ENABLE_OBJC_ARC = YES;
				CLANG_WARN_BLOCK_CAPTURE_AUTORELEASING = YES;
				CLANG_WARN_BOOL_CONVERSION = YES;
				CLANG_WARN_COMMA = YES;
				CLANG_WARN_CONSTANT_CONVERSION = YES;
				CLANG_WARN_DIRECT_OBJC_ISA_USAGE = YES_ERROR;
				CLANG_WARN_DOCUMENTATION_COMMENTS = YES;
				CLANG_WARN_EMPTY_BODY = YES;
				CLANG_WARN_ENUM_CONVERSION = YES;
				CLANG_WARN_INFINITE_RECURSION = YES;
				CLANG_WARN_INT_CONVERSION = YES;
				CLANG_WARN_NON_LITERAL_NULL_CONVERSION = YES;
				CLANG_WARN_OBJC_LITERAL_CONVERSION = YES;
				CLANG_WARN_OBJC_ROOT_CLASS = YES_ERROR;
				CLANG_WARN_RANGE_LOOP_ANALYSIS = YES;
				CLANG_WARN_STRICT_PROTOTYPES = YES;
				CLANG_WARN_SUSPICIOUS_MOVE = YES;
				CLANG_WARN_UNGUARDED_AVAILABILITY = YES_AGGRESSIVE;
				CLANG_WARN_UNREACHABLE_CODE = YES;
				CLANG_WARN__DUPLICATE_METHOD_MATCH = YES;
				COPY_PHASE_STRIP = NO;
				DEBUG_INFORMATION_FORMAT = dwarf;
				DEVELOPMENT_TEAM = 432ZXYXDNY;
				ENABLE_STRICT_OBJC_MSGSEND = YES;
				ENABLE_TESTABILITY = YES;
				GCC_C_LANGUAGE_STANDARD = gnu11;
				GCC_DYNAMIC_NO_PIC = NO;
				GCC_NO_COMMON_BLOCKS = YES;
				GCC_OPTIMIZATION_LEVEL = 0;
				GCC_PREPROCESSOR_DEFINITIONS = (
					"DEBUG=1",
					"$(inherited)",
				);
				GCC_WARN_64_TO_32_BIT_CONVERSION = YES;
				GCC_WARN_ABOUT_RETURN_TYPE = YES_ERROR;
				GCC_WARN_UNDECLARED_SELECTOR = YES;
				GCC_WARN_UNINITIALIZED_AUTOS = YES_AGGRESSIVE;
				GCC_WARN_UNUSED_FUNCTION = YES;
				GCC_WARN_UNUSED_VARIABLE = YES;
				INFOPLIST_FILE = "Example-tvOS/Info.plist";
				LD_RUNPATH_SEARCH_PATHS = "$(inherited) @executable_path/Frameworks";
				MTL_ENABLE_DEBUG_INFO = YES;
				ONLY_ACTIVE_ARCH = YES;
				PRODUCT_BUNDLE_IDENTIFIER = "com.blackpixel.Example-tvOS";
				PRODUCT_NAME = "$(TARGET_NAME)";
				SDKROOT = appletvos;
				SWIFT_ACTIVE_COMPILATION_CONDITIONS = DEBUG;
				SWIFT_OPTIMIZATION_LEVEL = "-Onone";
				SWIFT_VERSION = 4.0;
				TARGETED_DEVICE_FAMILY = 3;
				TVOS_DEPLOYMENT_TARGET = 11.0;
			};
			name = Debug;
		};
		7F5C9EBB1F51F62C002B41B4 /* Release */ = {
			isa = XCBuildConfiguration;
			buildSettings = {
				ALWAYS_EMBED_SWIFT_STANDARD_LIBRARIES = YES;
				ALWAYS_SEARCH_USER_PATHS = NO;
				ASSETCATALOG_COMPILER_APPICON_NAME = "App Icon & Top Shelf Image";
				ASSETCATALOG_COMPILER_LAUNCHIMAGE_NAME = LaunchImage;
				CLANG_ANALYZER_NONNULL = YES;
				CLANG_ANALYZER_NUMBER_OBJECT_CONVERSION = YES_AGGRESSIVE;
				CLANG_CXX_LANGUAGE_STANDARD = "gnu++14";
				CLANG_CXX_LIBRARY = "libc++";
				CLANG_ENABLE_MODULES = YES;
				CLANG_ENABLE_OBJC_ARC = YES;
				CLANG_WARN_BLOCK_CAPTURE_AUTORELEASING = YES;
				CLANG_WARN_BOOL_CONVERSION = YES;
				CLANG_WARN_COMMA = YES;
				CLANG_WARN_CONSTANT_CONVERSION = YES;
				CLANG_WARN_DIRECT_OBJC_ISA_USAGE = YES_ERROR;
				CLANG_WARN_DOCUMENTATION_COMMENTS = YES;
				CLANG_WARN_EMPTY_BODY = YES;
				CLANG_WARN_ENUM_CONVERSION = YES;
				CLANG_WARN_INFINITE_RECURSION = YES;
				CLANG_WARN_INT_CONVERSION = YES;
				CLANG_WARN_NON_LITERAL_NULL_CONVERSION = YES;
				CLANG_WARN_OBJC_LITERAL_CONVERSION = YES;
				CLANG_WARN_OBJC_ROOT_CLASS = YES_ERROR;
				CLANG_WARN_RANGE_LOOP_ANALYSIS = YES;
				CLANG_WARN_STRICT_PROTOTYPES = YES;
				CLANG_WARN_SUSPICIOUS_MOVE = YES;
				CLANG_WARN_UNGUARDED_AVAILABILITY = YES_AGGRESSIVE;
				CLANG_WARN_UNREACHABLE_CODE = YES;
				CLANG_WARN__DUPLICATE_METHOD_MATCH = YES;
				COPY_PHASE_STRIP = NO;
				DEBUG_INFORMATION_FORMAT = "dwarf-with-dsym";
				DEVELOPMENT_TEAM = 432ZXYXDNY;
				ENABLE_NS_ASSERTIONS = NO;
				ENABLE_STRICT_OBJC_MSGSEND = YES;
				GCC_C_LANGUAGE_STANDARD = gnu11;
				GCC_NO_COMMON_BLOCKS = YES;
				GCC_WARN_64_TO_32_BIT_CONVERSION = YES;
				GCC_WARN_ABOUT_RETURN_TYPE = YES_ERROR;
				GCC_WARN_UNDECLARED_SELECTOR = YES;
				GCC_WARN_UNINITIALIZED_AUTOS = YES_AGGRESSIVE;
				GCC_WARN_UNUSED_FUNCTION = YES;
				GCC_WARN_UNUSED_VARIABLE = YES;
				INFOPLIST_FILE = "Example-tvOS/Info.plist";
				LD_RUNPATH_SEARCH_PATHS = "$(inherited) @executable_path/Frameworks";
				MTL_ENABLE_DEBUG_INFO = NO;
				PRODUCT_BUNDLE_IDENTIFIER = "com.blackpixel.Example-tvOS";
				PRODUCT_NAME = "$(TARGET_NAME)";
				SDKROOT = appletvos;
				SWIFT_OPTIMIZATION_LEVEL = "-Owholemodule";
				SWIFT_VERSION = 4.0;
				TARGETED_DEVICE_FAMILY = 3;
				TVOS_DEPLOYMENT_TARGET = 11.0;
				VALIDATE_PRODUCT = YES;
			};
			name = Release;
		};
		7F5C9ECE1F51F641002B41B4 /* Debug */ = {
			isa = XCBuildConfiguration;
			buildSettings = {
				ALWAYS_EMBED_SWIFT_STANDARD_LIBRARIES = YES;
				ALWAYS_SEARCH_USER_PATHS = NO;
				ASSETCATALOG_COMPILER_APPICON_NAME = AppIcon;
				CLANG_ANALYZER_NONNULL = YES;
				CLANG_ANALYZER_NUMBER_OBJECT_CONVERSION = YES_AGGRESSIVE;
				CLANG_CXX_LANGUAGE_STANDARD = "gnu++14";
				CLANG_CXX_LIBRARY = "libc++";
				CLANG_ENABLE_MODULES = YES;
				CLANG_ENABLE_OBJC_ARC = YES;
				CLANG_WARN_BLOCK_CAPTURE_AUTORELEASING = YES;
				CLANG_WARN_BOOL_CONVERSION = YES;
				CLANG_WARN_COMMA = YES;
				CLANG_WARN_CONSTANT_CONVERSION = YES;
				CLANG_WARN_DIRECT_OBJC_ISA_USAGE = YES_ERROR;
				CLANG_WARN_DOCUMENTATION_COMMENTS = YES;
				CLANG_WARN_EMPTY_BODY = YES;
				CLANG_WARN_ENUM_CONVERSION = YES;
				CLANG_WARN_INFINITE_RECURSION = YES;
				CLANG_WARN_INT_CONVERSION = YES;
				CLANG_WARN_NON_LITERAL_NULL_CONVERSION = YES;
				CLANG_WARN_OBJC_LITERAL_CONVERSION = YES;
				CLANG_WARN_OBJC_ROOT_CLASS = YES_ERROR;
				CLANG_WARN_RANGE_LOOP_ANALYSIS = YES;
				CLANG_WARN_STRICT_PROTOTYPES = YES;
				CLANG_WARN_SUSPICIOUS_MOVE = YES;
				CLANG_WARN_UNGUARDED_AVAILABILITY = YES_AGGRESSIVE;
				CLANG_WARN_UNREACHABLE_CODE = YES;
				CLANG_WARN__DUPLICATE_METHOD_MATCH = YES;
				CODE_SIGN_ENTITLEMENTS = "Example-macOS/Example_macOS.entitlements";
				CODE_SIGN_IDENTITY = "Mac Developer";
				COMBINE_HIDPI_IMAGES = YES;
				COPY_PHASE_STRIP = NO;
				DEBUG_INFORMATION_FORMAT = dwarf;
				DEVELOPMENT_TEAM = 432ZXYXDNY;
				ENABLE_STRICT_OBJC_MSGSEND = YES;
				ENABLE_TESTABILITY = YES;
				GCC_C_LANGUAGE_STANDARD = gnu11;
				GCC_DYNAMIC_NO_PIC = NO;
				GCC_NO_COMMON_BLOCKS = YES;
				GCC_OPTIMIZATION_LEVEL = 0;
				GCC_PREPROCESSOR_DEFINITIONS = (
					"DEBUG=1",
					"$(inherited)",
				);
				GCC_WARN_64_TO_32_BIT_CONVERSION = YES;
				GCC_WARN_ABOUT_RETURN_TYPE = YES_ERROR;
				GCC_WARN_UNDECLARED_SELECTOR = YES;
				GCC_WARN_UNINITIALIZED_AUTOS = YES_AGGRESSIVE;
				GCC_WARN_UNUSED_FUNCTION = YES;
				GCC_WARN_UNUSED_VARIABLE = YES;
				INFOPLIST_FILE = "Example-macOS/Info.plist";
				LD_RUNPATH_SEARCH_PATHS = "$(inherited) @executable_path/../Frameworks";
				MACOSX_DEPLOYMENT_TARGET = 10.12;
				MTL_ENABLE_DEBUG_INFO = YES;
				ONLY_ACTIVE_ARCH = YES;
				PRODUCT_BUNDLE_IDENTIFIER = "com.blackpixel.Example-macOS";
				PRODUCT_NAME = "$(TARGET_NAME)";
				SDKROOT = macosx;
				SWIFT_ACTIVE_COMPILATION_CONDITIONS = DEBUG;
				SWIFT_OPTIMIZATION_LEVEL = "-Onone";
				SWIFT_VERSION = 4.0;
			};
			name = Debug;
		};
		7F5C9ECF1F51F641002B41B4 /* Release */ = {
			isa = XCBuildConfiguration;
			buildSettings = {
				ALWAYS_EMBED_SWIFT_STANDARD_LIBRARIES = YES;
				ALWAYS_SEARCH_USER_PATHS = NO;
				ASSETCATALOG_COMPILER_APPICON_NAME = AppIcon;
				CLANG_ANALYZER_NONNULL = YES;
				CLANG_ANALYZER_NUMBER_OBJECT_CONVERSION = YES_AGGRESSIVE;
				CLANG_CXX_LANGUAGE_STANDARD = "gnu++14";
				CLANG_CXX_LIBRARY = "libc++";
				CLANG_ENABLE_MODULES = YES;
				CLANG_ENABLE_OBJC_ARC = YES;
				CLANG_WARN_BLOCK_CAPTURE_AUTORELEASING = YES;
				CLANG_WARN_BOOL_CONVERSION = YES;
				CLANG_WARN_COMMA = YES;
				CLANG_WARN_CONSTANT_CONVERSION = YES;
				CLANG_WARN_DIRECT_OBJC_ISA_USAGE = YES_ERROR;
				CLANG_WARN_DOCUMENTATION_COMMENTS = YES;
				CLANG_WARN_EMPTY_BODY = YES;
				CLANG_WARN_ENUM_CONVERSION = YES;
				CLANG_WARN_INFINITE_RECURSION = YES;
				CLANG_WARN_INT_CONVERSION = YES;
				CLANG_WARN_NON_LITERAL_NULL_CONVERSION = YES;
				CLANG_WARN_OBJC_LITERAL_CONVERSION = YES;
				CLANG_WARN_OBJC_ROOT_CLASS = YES_ERROR;
				CLANG_WARN_RANGE_LOOP_ANALYSIS = YES;
				CLANG_WARN_STRICT_PROTOTYPES = YES;
				CLANG_WARN_SUSPICIOUS_MOVE = YES;
				CLANG_WARN_UNGUARDED_AVAILABILITY = YES_AGGRESSIVE;
				CLANG_WARN_UNREACHABLE_CODE = YES;
				CLANG_WARN__DUPLICATE_METHOD_MATCH = YES;
				CODE_SIGN_ENTITLEMENTS = "Example-macOS/Example_macOS.entitlements";
				CODE_SIGN_IDENTITY = "Mac Developer";
				COMBINE_HIDPI_IMAGES = YES;
				COPY_PHASE_STRIP = NO;
				DEBUG_INFORMATION_FORMAT = "dwarf-with-dsym";
				DEVELOPMENT_TEAM = 432ZXYXDNY;
				ENABLE_NS_ASSERTIONS = NO;
				ENABLE_STRICT_OBJC_MSGSEND = YES;
				GCC_C_LANGUAGE_STANDARD = gnu11;
				GCC_NO_COMMON_BLOCKS = YES;
				GCC_WARN_64_TO_32_BIT_CONVERSION = YES;
				GCC_WARN_ABOUT_RETURN_TYPE = YES_ERROR;
				GCC_WARN_UNDECLARED_SELECTOR = YES;
				GCC_WARN_UNINITIALIZED_AUTOS = YES_AGGRESSIVE;
				GCC_WARN_UNUSED_FUNCTION = YES;
				GCC_WARN_UNUSED_VARIABLE = YES;
				INFOPLIST_FILE = "Example-macOS/Info.plist";
				LD_RUNPATH_SEARCH_PATHS = "$(inherited) @executable_path/../Frameworks";
				MACOSX_DEPLOYMENT_TARGET = 10.12;
				MTL_ENABLE_DEBUG_INFO = NO;
				PRODUCT_BUNDLE_IDENTIFIER = "com.blackpixel.Example-macOS";
				PRODUCT_NAME = "$(TARGET_NAME)";
				SDKROOT = macosx;
				SWIFT_OPTIMIZATION_LEVEL = "-Owholemodule";
				SWIFT_VERSION = 4.0;
			};
			name = Release;
		};
/* End XCBuildConfiguration section */

/* Begin XCConfigurationList section */
		7F5C9E8F1F51F605002B41B4 /* Build configuration list for PBXProject "Examples" */ = {
			isa = XCConfigurationList;
			buildConfigurations = (
				7F5C9E901F51F605002B41B4 /* Debug */,
				7F5C9E911F51F605002B41B4 /* Release */,
			);
			defaultConfigurationIsVisible = 0;
			defaultConfigurationName = Release;
		};
		7F5C9EA61F51F622002B41B4 /* Build configuration list for PBXNativeTarget "Example-iOS" */ = {
			isa = XCConfigurationList;
			buildConfigurations = (
				7F5C9EA71F51F622002B41B4 /* Debug */,
				7F5C9EA81F51F622002B41B4 /* Release */,
			);
			defaultConfigurationIsVisible = 0;
			defaultConfigurationName = Release;
		};
		7F5C9EB91F51F62C002B41B4 /* Build configuration list for PBXNativeTarget "Example-tvOS" */ = {
			isa = XCConfigurationList;
			buildConfigurations = (
				7F5C9EBA1F51F62C002B41B4 /* Debug */,
				7F5C9EBB1F51F62C002B41B4 /* Release */,
			);
			defaultConfigurationIsVisible = 0;
			defaultConfigurationName = Release;
		};
		7F5C9ECD1F51F641002B41B4 /* Build configuration list for PBXNativeTarget "Example-macOS" */ = {
			isa = XCConfigurationList;
			buildConfigurations = (
				7F5C9ECE1F51F641002B41B4 /* Debug */,
				7F5C9ECF1F51F641002B41B4 /* Release */,
			);
			defaultConfigurationIsVisible = 0;
			defaultConfigurationName = Release;
		};
/* End XCConfigurationList section */
	};
	rootObject = 7F5C9E8C1F51F605002B41B4 /* Project object */;
}
